
Microsoft Visual Studio Solution File, Format Version 12.00
# Visual Studio Version 16
VisualStudioVersion = 16.0.31729.503
MinimumVisualStudioVersion = 10.0.40219.1
Project("{9A19103F-16F7-4668-BE54-9A1E7A4F7556}") = "P01_StudentSystem", "P01_StudentSystem\P01_StudentSystem.csproj", "{5999A38D-2326-4555-BA5D-069F215C617D}"
EndProject
Project("{9A19103F-16F7-4668-BE54-9A1E7A4F7556}") = "P03_FootballBetting", "P03_FootballBetting\P03_FootballBetting.csproj", "{A4A10961-F470-4AD7-9C6A-1C2DE61FEA6B}"
EndProject
Project("{FAE04EC0-301F-11D3-BF4B-00C04F79EFBC}") = "ConnectionStringInfo", "ConnectionStringInfo\ConnectionStringInfo.csproj", "{FBB98D01-6497-4B51-BC76-5D6300F7D5A6}"
EndProject
Global
	GlobalSection(SolutionConfigurationPlatforms) = preSolution
		Debug|Any CPU = Debug|Any CPU
		Release|Any CPU = Release|Any CPU
	EndGlobalSection
	GlobalSection(ProjectConfigurationPlatforms) = postSolution
		{5999A38D-2326-4555-BA5D-069F215C617D}.Debug|Any CPU.ActiveCfg = Debug|Any CPU
		{5999A38D-2326-4555-BA5D-069F215C617D}.Debug|Any CPU.Build.0 = Debug|Any CPU
		{5999A38D-2326-4555-BA5D-069F215C617D}.Release|Any CPU.ActiveCfg = Release|Any CPU
		{5999A38D-2326-4555-BA5D-069F215C617D}.Release|Any CPU.Build.0 = Release|Any CPU
		{A4A10961-F470-4AD7-9C6A-1C2DE61FEA6B}.Debug|Any CPU.ActiveCfg = Debug|Any CPU
		{A4A10961-F470-4AD7-9C6A-1C2DE61FEA6B}.Debug|Any CPU.Build.0 = Debug|Any CPU
		{A4A10961-F470-4AD7-9C6A-1C2DE61FEA6B}.Release|Any CPU.ActiveCfg = Release|Any CPU
		{A4A10961-F470-4AD7-9C6A-1C2DE61FEA6B}.Release|Any CPU.Build.0 = Release|Any CPU
		{FBB98D01-6497-4B51-BC76-5D6300F7D5A6}.Debug|Any CPU.ActiveCfg = Debug|Any CPU
		{FBB98D01-6497-4B51-BC76-5D6300F7D5A6}.Debug|Any CPU.Build.0 = Debug|Any CPU
		{FBB98D01-6497-4B51-BC76-5D6300F7D5A6}.Release|Any CPU.ActiveCfg = Release|Any CPU
		{FBB98D01-6497-4B51-BC76-5D6300F7D5A6}.Release|Any CPU.Build.0 = Release|Any CPU
	EndGlobalSection
	GlobalSection(SolutionProperties) = preSolution
		HideSolutionNode = FALSE
	EndGlobalSection
	GlobalSection(ExtensibilityGlobals) = postSolution
		SolutionGuid = {7579FA88-684E-4230-9E3C-81700EE7A64D}
	EndGlobalSection
EndGlobal
